
Microsoft Visual Studio Solution File, Format Version 12.00
# Visual Studio Version 17
VisualStudioVersion = 17.14.37516.0 d17.14
MinimumVisualStudioVersion = 10.0.40219.1
Project("{FAE04EC0-301F-11D3-BF4B-00C04F79EFBC}") = "WinFormsApp1", "WinFormsApp1\WinFormsApp1.csproj", "{0D58236E-E22F-480C-853F-00BF017A28F3}"
EndProject
Global
	GlobalSection(SolutionConfigurationPlatforms) = preSolution
		Debug|Any CPU = Debug|Any CPU
		Release|Any CPU = Release|Any CPU
	EndGlobalSection
	GlobalSection(ProjectConfigurationPlatforms) = postSolution
		{0D58236E-E22F-480C-853F-00BF017A28F3}.Debug|Any CPU.ActiveCfg = Debug|Any CPU
		{0D58236E-E22F-480C-853F-00BF017A28F3}.Debug|Any CPU.Build.0 = Debug|Any CPU
		{0D58236E-E22F-480C-853F-00BF017A28F3}.Release|Any CPU.ActiveCfg = Release|Any CPU
		{0D58236E-E22F-480C-853F-00BF017A28F3}.Release|Any CPU.Build.0 = Release|Any CPU
	EndGlobalSection
	GlobalSection(SolutionProperties) = preSolution
		HideSolutionNode = FALSE
	EndGlobalSection
	GlobalSection(ExtensibilityGlobals) = postSolution
		SolutionGuid = {7463889D-2FC1-4B85-B92B-F07BC8B2A473}
	EndGlobalSection
EndGlobal
